{
  "name": "red-juice",
  "version": "1.4.3",
  "requires": true,
  "lockfileVersion": 1,
  "dependencies": {
    "bindings": {
      "version": "1.2.1",
      "resolved": "https://registry.npmjs.org/bindings/-/bindings-1.2.1.tgz",
      "integrity": "sha1-FK1hE4EtLTfXLme0ystLtyZQXxE="
    },
    "giac": {
      "version": "1.23.66412",
      "resolved": "https://registry.npmjs.org/giac/-/giac-1.23.66412.tgz",
      "integrity": "sha512-hQECsziIZt4g7dhhAVP6VFfeG1UkXk0qw0NrH/4HcE16K9CdOM9IsGfp8/7YA6eAUTId+gsWnRRmm73etZHkAw==",
      "requires": {
        "bindings": "~1.2.1"
      }
    }
  }
}
