{
  "name": "red-juice",
  "version": "1.4.6",
  "lockfileVersion": 1,
  "requires": true,
  "dependencies": {
    "bindings": {
      "version": "1.5.0",
      "resolved": "https://registry.npmjs.org/bindings/-/bindings-1.5.0.tgz",
      "integrity": "sha512-p2q/t/mhvuOj/UeLlV6566GD/guowlr0hHxClI0W9m7MWYkL1F0hLo+0Aexs9HSPCtR1SXQ0TD3MMKrXZajbiQ==",
      "requires": {
        "file-uri-to-path": "1.0.0"
      }
    },
    "file-uri-to-path": {
      "version": "1.0.0",
      "resolved": "https://registry.npmjs.org/file-uri-to-path/-/file-uri-to-path-1.0.0.tgz",
      "integrity": "sha512-0Zt+s3L7Vf1biwWZ29aARiVYLx7iMGnEUl9x33fbB/j3jR81u/O2LbqK+Bm1CDSNDKVtJ/YjwY7TUd5SkeLQLw=="
    },
    "giac": {
      "version": "1.23.68505",
      "resolved": "https://registry.npmjs.org/giac/-/giac-1.23.68505.tgz",
      "integrity": "sha512-UTMKaaTkWDHef+LkQNwsF/gs9IiLCXpekwoW2OX/nCi00O+LYJr8um0CTO9j31c1oQ9eFEPvXSmUMgtoHCSl7A==",
      "dev": true,
      "requires": {
        "bindings": "~1.2.1"
      },
      "dependencies": {
        "bindings": {
          "version": "1.2.1",
          "resolved": "https://registry.npmjs.org/bindings/-/bindings-1.2.1.tgz",
          "integrity": "sha1-FK1hE4EtLTfXLme0ystLtyZQXxE=",
          "dev": true
        }
      }
    }
  }
}
