{
  "name": "red-juice",
  "version": "1.4.3",
  "requires": true,
  "lockfileVersion": 1,
  "dependencies": {
    "bindings": {
      "version": "1.3.0",
      "resolved": "https://registry.npmjs.org/bindings/-/bindings-1.3.0.tgz",
      "integrity": "sha512-DpLh5EzMR2kzvX1KIlVC0VkC3iZtHKTgdtZ0a3pglBZdaQFjt5S9g9xd1lE+YvXyfd6mtCeRnrUfOLYiTMlNSw=="
    },
    "giac": {
      "version": "1.23.66164",
      "resolved": "https://registry.npmjs.org/giac/-/giac-1.23.66164.tgz",
      "integrity": "sha512-Ppc8h4I0Ot5iT2+kqJVYY4lbEeAkHWnSrNWxWEs3OaisPOuMcCe2hP3S9KIMPem3l9e1Gp6+RxSU/YK4t8AYqw==",
      "requires": {
        "bindings": "~1.2.1"
      },
      "dependencies": {
        "bindings": {
          "version": "1.2.1",
          "resolved": "https://registry.npmjs.org/bindings/-/bindings-1.2.1.tgz",
          "integrity": "sha1-FK1hE4EtLTfXLme0ystLtyZQXxE="
        }
      }
    }
  }
}
